
Microsoft Visual Studio Solution File, Format Version 12.00
# Visual Studio Version 17
VisualStudioVersion = 17.9.34728.123
MinimumVisualStudioVersion = 10.0.40219.1
Project("{9A19103F-16F7-4668-BE54-9A1E7A4F7556}") = "Gazillion", "Gazillion\Gazillion.csproj", "{EF81DF0E-82D7-48B7-BBB9-49D0EDC395E1}"
EndProject
Project("{9A19103F-16F7-4668-BE54-9A1E7A4F7556}") = "MHServerEmuMini", "MHServerEmuMini\MHServerEmuMini.csproj", "{22D82E90-C92F-4E53-8AE6-3DAD69B71729}"
EndProject
Project("{FAE04EC0-301F-11D3-BF4B-00C04F79EFBC}") = "MHServerEmu.Core", "MHServerEmu.Core\MHServerEmu.Core.csproj", "{C75FFE92-2026-4F56-8E99-6343FB9FFCBA}"
EndProject
Global
	GlobalSection(SolutionConfigurationPlatforms) = preSolution
		Debug|Any CPU = Debug|Any CPU
		Release|Any CPU = Release|Any CPU
	EndGlobalSection
	GlobalSection(ProjectConfigurationPlatforms) = postSolution
		{EF81DF0E-82D7-48B7-BBB9-49D0EDC395E1}.Debug|Any CPU.ActiveCfg = Debug|Any CPU
		{EF81DF0E-82D7-48B7-BBB9-49D0EDC395E1}.Debug|Any CPU.Build.0 = Debug|Any CPU
		{EF81DF0E-82D7-48B7-BBB9-49D0EDC395E1}.Release|Any CPU.ActiveCfg = Release|Any CPU
		{EF81DF0E-82D7-48B7-BBB9-49D0EDC395E1}.Release|Any CPU.Build.0 = Release|Any CPU
		{22D82E90-C92F-4E53-8AE6-3DAD69B71729}.Debug|Any CPU.ActiveCfg = Debug|Any CPU
		{22D82E90-C92F-4E53-8AE6-3DAD69B71729}.Debug|Any CPU.Build.0 = Debug|Any CPU
		{22D82E90-C92F-4E53-8AE6-3DAD69B71729}.Release|Any CPU.ActiveCfg = Release|Any CPU
		{22D82E90-C92F-4E53-8AE6-3DAD69B71729}.Release|Any CPU.Build.0 = Release|Any CPU
		{C75FFE92-2026-4F56-8E99-6343FB9FFCBA}.Debug|Any CPU.ActiveCfg = Debug|Any CPU
		{C75FFE92-2026-4F56-8E99-6343FB9FFCBA}.Debug|Any CPU.Build.0 = Debug|Any CPU
		{C75FFE92-2026-4F56-8E99-6343FB9FFCBA}.Release|Any CPU.ActiveCfg = Release|Any CPU
		{C75FFE92-2026-4F56-8E99-6343FB9FFCBA}.Release|Any CPU.Build.0 = Release|Any CPU
	EndGlobalSection
	GlobalSection(SolutionProperties) = preSolution
		HideSolutionNode = FALSE
	EndGlobalSection
	GlobalSection(ExtensibilityGlobals) = postSolution
		SolutionGuid = {7F65AB40-DA91-4DE3-8E91-39BBE30E9F52}
	EndGlobalSection
EndGlobal
